// !$*UTF8*$!
{
	archiveVersion = 1;
	classes = {
	};
	objectVersion = 55;
	objects = {

/* Begin PBXBuildFile section */
		D4007C7529247A5500F71CFD /* ModeLevelHighScoreStoreDecorator.swift in Sources */ = {isa = PBXBuildFile; fileRef = D4007C7429247A5500F71CFD /* ModeLevelHighScoreStoreDecorator.swift */; };
		D40283252926F86900E6B326 /* ModeLevelHighScoreStoreDecoratorTests.swift in Sources */ = {isa = PBXBuildFile; fileRef = D40283242926F86900E6B326 /* ModeLevelHighScoreStoreDecoratorTests.swift */; };
		D403E242290F51C600C84761 /* GameView.swift in Sources */ = {isa = PBXBuildFile; fileRef = D403E241290F51C600C84761 /* GameView.swift */; };
		D42DBEFA28E25DCB006E29D0 /* UserDefaultsHighScoreStore.swift in Sources */ = {isa = PBXBuildFile; fileRef = D42DBEF928E25DCB006E29D0 /* UserDefaultsHighScoreStore.swift */; };
		D42DBEFE28E25E65006E29D0 /* SettingsView.swift in Sources */ = {isa = PBXBuildFile; fileRef = D42DBEFD28E25E65006E29D0 /* SettingsView.swift */; };
		D4374A122923287800FAB889 /* MainMenu.swift in Sources */ = {isa = PBXBuildFile; fileRef = D4374A112923287800FAB889 /* MainMenu.swift */; };
		D44361DE28DE439A00909629 /* iAddThreeApp.swift in Sources */ = {isa = PBXBuildFile; fileRef = D44361DD28DE439A00909629 /* iAddThreeApp.swift */; };
		D44361E228DE439B00909629 /* Assets.xcassets in Resources */ = {isa = PBXBuildFile; fileRef = D44361E128DE439B00909629 /* Assets.xcassets */; };
		D44361E528DE439B00909629 /* Preview Assets.xcassets in Resources */ = {isa = PBXBuildFile; fileRef = D44361E428DE439B00909629 /* Preview Assets.xcassets */; };
		D445CF6029145064006CC062 /* LevelResultsView.swift in Sources */ = {isa = PBXBuildFile; fileRef = D445CF5F29145064006CC062 /* LevelResultsView.swift */; };
		D462D11328DE4490001FF20A /* NumberItem.swift in Sources */ = {isa = PBXBuildFile; fileRef = D462D11228DE4490001FF20A /* NumberItem.swift */; };
		D462D11628DE44BE001FF20A /* NumberItemFactory.swift in Sources */ = {isa = PBXBuildFile; fileRef = D462D11528DE44BE001FF20A /* NumberItemFactory.swift */; };
		D462D11828DE44D1001FF20A /* GameMode.swift in Sources */ = {isa = PBXBuildFile; fileRef = D462D11728DE44D1001FF20A /* GameMode.swift */; };
		D462D12728DE4547001FF20A /* NumberItemFactoryTests.swift in Sources */ = {isa = PBXBuildFile; fileRef = D462D12628DE4547001FF20A /* NumberItemFactoryTests.swift */; };
		D462D13128DE5122001FF20A /* NumberItemPresenter.swift in Sources */ = {isa = PBXBuildFile; fileRef = D462D13028DE5122001FF20A /* NumberItemPresenter.swift */; };
		D462D13528DE55A0001FF20A /* NumberItem+Extension.swift in Sources */ = {isa = PBXBuildFile; fileRef = D462D13428DE55A0001FF20A /* NumberItem+Extension.swift */; };
		D462D13B28DE56B2001FF20A /* View+Extension.swift in Sources */ = {isa = PBXBuildFile; fileRef = D462D13A28DE56B2001FF20A /* View+Extension.swift */; };
		D462D13E28DE572E001FF20A /* ChalkFontViewModifier.swift in Sources */ = {isa = PBXBuildFile; fileRef = D462D13D28DE572E001FF20A /* ChalkFontViewModifier.swift */; };
		D462D14028DE5761001FF20A /* NumberListView.swift in Sources */ = {isa = PBXBuildFile; fileRef = D462D13F28DE5761001FF20A /* NumberListView.swift */; };
		D462D14528DE5910001FF20A /* ChalkboardViewModifier.swift in Sources */ = {isa = PBXBuildFile; fileRef = D462D14428DE5910001FF20A /* ChalkboardViewModifier.swift */; };
		D462D14728DE5A49001FF20A /* NumberPadView.swift in Sources */ = {isa = PBXBuildFile; fileRef = D462D14628DE5A49001FF20A /* NumberPadView.swift */; };
		D462D14B28DE5C7F001FF20A /* RoundedBorderViewModifier.swift in Sources */ = {isa = PBXBuildFile; fileRef = D462D14A28DE5C7F001FF20A /* RoundedBorderViewModifier.swift */; };
		D46B0CA429145E980018DD92 /* LevelResultsDataModel.swift in Sources */ = {isa = PBXBuildFile; fileRef = D46B0CA329145E980018DD92 /* LevelResultsDataModel.swift */; };
		D46B0CAC2914780F0018DD92 /* LevelResults.swift in Sources */ = {isa = PBXBuildFile; fileRef = D46B0CAB2914780F0018DD92 /* LevelResults.swift */; };
		D46B0CB42914920B0018DD92 /* LevelScoreRepository.swift in Sources */ = {isa = PBXBuildFile; fileRef = D46B0CB32914920B0018DD92 /* LevelScoreRepository.swift */; };
		D46B0CB82914963E0018DD92 /* LevelInfo.swift in Sources */ = {isa = PBXBuildFile; fileRef = D46B0CB72914963E0018DD92 /* LevelInfo.swift */; };
		D46B0CBA291499710018DD92 /* ScoreManager.swift in Sources */ = {isa = PBXBuildFile; fileRef = D46B0CB9291499710018DD92 /* ScoreManager.swift */; };
		D47FEBDC2911D82E0061E7EF /* GameModeMenuView.swift in Sources */ = {isa = PBXBuildFile; fileRef = D47FEBDB2911D82E0061E7EF /* GameModeMenuView.swift */; };
		D47FEBDE2911D8840061E7EF /* GameModeMenuDataModel.swift in Sources */ = {isa = PBXBuildFile; fileRef = D47FEBDD2911D8840061E7EF /* GameModeMenuDataModel.swift */; };
		D47FEBE02911DB5A0061E7EF /* PlayView.swift in Sources */ = {isa = PBXBuildFile; fileRef = D47FEBDF2911DB5A0061E7EF /* PlayView.swift */; };
		D47FEBE22911DC3F0061E7EF /* PlayViewDataModel.swift in Sources */ = {isa = PBXBuildFile; fileRef = D47FEBE12911DC3F0061E7EF /* PlayViewDataModel.swift */; };
		D47FEBE42911DC810061E7EF /* GameContentComposer.swift in Sources */ = {isa = PBXBuildFile; fileRef = D47FEBE32911DC810061E7EF /* GameContentComposer.swift */; };
		D487F80929272F5C00CFBFCF /* GoogleMobileAds in Frameworks */ = {isa = PBXBuildFile; productRef = D487F80829272F5C00CFBFCF /* GoogleMobileAds */; };
		D487F80C2927339F00CFBFCF /* ATTAdapter.swift in Sources */ = {isa = PBXBuildFile; fileRef = D487F80B2927339F00CFBFCF /* ATTAdapter.swift */; };
		D4AD9F03291981A200270165 /* PlayViewDataModelTests.swift in Sources */ = {isa = PBXBuildFile; fileRef = D4AD9F02291981A200270165 /* PlayViewDataModelTests.swift */; };
		D4AD9F0829198EB000270165 /* GameModeMenuDataModelTests.swift in Sources */ = {isa = PBXBuildFile; fileRef = D4AD9F0729198EB000270165 /* GameModeMenuDataModelTests.swift */; };
		D4B8EDB528E26459001698E4 /* SettingsDataModel.swift in Sources */ = {isa = PBXBuildFile; fileRef = D4B8EDB428E26459001698E4 /* SettingsDataModel.swift */; };
		D4B8EDB728E26480001698E4 /* AppRateManager.swift in Sources */ = {isa = PBXBuildFile; fileRef = D4B8EDB628E26480001698E4 /* AppRateManager.swift */; };
		D4BD279828DF91C900C698A9 /* InstructionsView.swift in Sources */ = {isa = PBXBuildFile; fileRef = D4BD279728DF91C900C698A9 /* InstructionsView.swift */; };
		D4BD279A28DF923A00C698A9 /* InstructionDetails.swift in Sources */ = {isa = PBXBuildFile; fileRef = D4BD279928DF923A00C698A9 /* InstructionDetails.swift */; };
		D4BD279C28DF9B8F00C698A9 /* InstructionsViewDataModel.swift in Sources */ = {isa = PBXBuildFile; fileRef = D4BD279B28DF9B8F00C698A9 /* InstructionsViewDataModel.swift */; };
		D4BD279F28DF9BD500C698A9 /* InstructionsFactory.swift in Sources */ = {isa = PBXBuildFile; fileRef = D4BD279E28DF9BD500C698A9 /* InstructionsFactory.swift */; };
		D4BD27A128DF9D6300C698A9 /* ChalkButton.swift in Sources */ = {isa = PBXBuildFile; fileRef = D4BD27A028DF9D6300C698A9 /* ChalkButton.swift */; };
		D4BD27AC28DFCE2600C698A9 /* SinglePlayHighScoreStore.swift in Sources */ = {isa = PBXBuildFile; fileRef = D4BD27AB28DFCE2600C698A9 /* SinglePlayHighScoreStore.swift */; };
		D4BD27B028DFD0BB00C698A9 /* XCTestCase+Extensions.swift in Sources */ = {isa = PBXBuildFile; fileRef = D4BD27AF28DFD0BB00C698A9 /* XCTestCase+Extensions.swift */; };
		D4BD27B228DFD32600C698A9 /* InstructionsDataModelTests.swift in Sources */ = {isa = PBXBuildFile; fileRef = D4BD27B128DFD32600C698A9 /* InstructionsDataModelTests.swift */; };
		D4BD27B428DFD63800C698A9 /* LevelResultsDataModelTests.swift in Sources */ = {isa = PBXBuildFile; fileRef = D4BD27B328DFD63800C698A9 /* LevelResultsDataModelTests.swift */; };
		D4D1A4432910B1C500096130 /* GameContentView.swift in Sources */ = {isa = PBXBuildFile; fileRef = D4D1A4422910B1C500096130 /* GameContentView.swift */; };
		D4E7BC3A29280F9900B399FA /* AdMobId.swift in Sources */ = {isa = PBXBuildFile; fileRef = D4E7BC3929280F9900B399FA /* AdMobId.swift */; };
		D4E7BC3E292812D000B399FA /* AdBannerView.swift in Sources */ = {isa = PBXBuildFile; fileRef = D4E7BC3D292812D000B399FA /* AdBannerView.swift */; };
		D4E7BC40292815B100B399FA /* AdMobComposer.swift in Sources */ = {isa = PBXBuildFile; fileRef = D4E7BC3F292815B100B399FA /* AdMobComposer.swift */; };
		D4E7BC432928165000B399FA /* ContentView.swift in Sources */ = {isa = PBXBuildFile; fileRef = D4E7BC422928165000B399FA /* ContentView.swift */; };
		D4E7BC452928181200B399FA /* FinishedBannerMessageFactory.swift in Sources */ = {isa = PBXBuildFile; fileRef = D4E7BC442928181200B399FA /* FinishedBannerMessageFactory.swift */; };
		D4EC41C62924533300B87288 /* AppStorageKey.swift in Sources */ = {isa = PBXBuildFile; fileRef = D4EC41C52924533300B87288 /* AppStorageKey.swift */; };
		E82AF16128E12B7500F93822 /* TimerManager.swift in Sources */ = {isa = PBXBuildFile; fileRef = E82AF16028E12B7500F93822 /* TimerManager.swift */; };
		E82AF16328E12C9600F93822 /* TimerManagerTests.swift in Sources */ = {isa = PBXBuildFile; fileRef = E82AF16228E12C9600F93822 /* TimerManagerTests.swift */; };
		E86E06F42915D6E000F68D15 /* LevelScoreRepositoryTests.swift in Sources */ = {isa = PBXBuildFile; fileRef = E86E06F32915D6E000F68D15 /* LevelScoreRepositoryTests.swift */; };
		E86E06F72915DC9F00F68D15 /* ScoreManagerTests.swift in Sources */ = {isa = PBXBuildFile; fileRef = E86E06F62915DC9F00F68D15 /* ScoreManagerTests.swift */; };
/* End PBXBuildFile section */

/* Begin PBXContainerItemProxy section */
		D462D12128DE4534001FF20A /* PBXContainerItemProxy */ = {
			isa = PBXContainerItemProxy;
			containerPortal = D44361D228DE439A00909629 /* Project object */;
			proxyType = 1;
			remoteGlobalIDString = D44361D928DE439A00909629;
			remoteInfo = iAddThree;
		};
/* End PBXContainerItemProxy section */

/* Begin PBXFileReference section */
		D4007C7429247A5500F71CFD /* ModeLevelHighScoreStoreDecorator.swift */ = {isa = PBXFileReference; lastKnownFileType = sourcecode.swift; path = ModeLevelHighScoreStoreDecorator.swift; sourceTree = "<group>"; };
		D40283242926F86900E6B326 /* ModeLevelHighScoreStoreDecoratorTests.swift */ = {isa = PBXFileReference; lastKnownFileType = sourcecode.swift; path = ModeLevelHighScoreStoreDecoratorTests.swift; sourceTree = "<group>"; };
		D403E241290F51C600C84761 /* GameView.swift */ = {isa = PBXFileReference; lastKnownFileType = sourcecode.swift; path = GameView.swift; sourceTree = "<group>"; };
		D42DBEF928E25DCB006E29D0 /* UserDefaultsHighScoreStore.swift */ = {isa = PBXFileReference; lastKnownFileType = sourcecode.swift; path = UserDefaultsHighScoreStore.swift; sourceTree = "<group>"; };
		D42DBEFD28E25E65006E29D0 /* SettingsView.swift */ = {isa = PBXFileReference; lastKnownFileType = sourcecode.swift; path = SettingsView.swift; sourceTree = "<group>"; };
		D42F498E28E2993A007DCD8C /* Info.plist */ = {isa = PBXFileReference; lastKnownFileType = text.plist.xml; name = Info.plist; path = /Users/nelix/iOSApps/iAddThree/iAddThree/Resources/Info.plist; sourceTree = "<absolute>"; };
		D4374A112923287800FAB889 /* MainMenu.swift */ = {isa = PBXFileReference; lastKnownFileType = sourcecode.swift; path = MainMenu.swift; sourceTree = "<group>"; };
		D44361DA28DE439A00909629 /* iAddThree.app */ = {isa = PBXFileReference; explicitFileType = wrapper.application; includeInIndex = 0; path = iAddThree.app; sourceTree = BUILT_PRODUCTS_DIR; };
		D44361DD28DE439A00909629 /* iAddThreeApp.swift */ = {isa = PBXFileReference; lastKnownFileType = sourcecode.swift; path = iAddThreeApp.swift; sourceTree = "<group>"; };
		D44361E128DE439B00909629 /* Assets.xcassets */ = {isa = PBXFileReference; lastKnownFileType = folder.assetcatalog; path = Assets.xcassets; sourceTree = "<group>"; };
		D44361E428DE439B00909629 /* Preview Assets.xcassets */ = {isa = PBXFileReference; lastKnownFileType = folder.assetcatalog; path = "Preview Assets.xcassets"; sourceTree = "<group>"; };
		D445CF5F29145064006CC062 /* LevelResultsView.swift */ = {isa = PBXFileReference; lastKnownFileType = sourcecode.swift; path = LevelResultsView.swift; sourceTree = "<group>"; };
		D462D11228DE4490001FF20A /* NumberItem.swift */ = {isa = PBXFileReference; lastKnownFileType = sourcecode.swift; path = NumberItem.swift; sourceTree = "<group>"; };
		D462D11528DE44BE001FF20A /* NumberItemFactory.swift */ = {isa = PBXFileReference; lastKnownFileType = sourcecode.swift; path = NumberItemFactory.swift; sourceTree = "<group>"; };
		D462D11728DE44D1001FF20A /* GameMode.swift */ = {isa = PBXFileReference; lastKnownFileType = sourcecode.swift; path = GameMode.swift; sourceTree = "<group>"; };
		D462D11D28DE4534001FF20A /* iAddThreeTests.xctest */ = {isa = PBXFileReference; explicitFileType = wrapper.cfbundle; includeInIndex = 0; path = iAddThreeTests.xctest; sourceTree = BUILT_PRODUCTS_DIR; };
		D462D12628DE4547001FF20A /* NumberItemFactoryTests.swift */ = {isa = PBXFileReference; lastKnownFileType = sourcecode.swift; path = NumberItemFactoryTests.swift; sourceTree = "<group>"; };
		D462D13028DE5122001FF20A /* NumberItemPresenter.swift */ = {isa = PBXFileReference; lastKnownFileType = sourcecode.swift; path = NumberItemPresenter.swift; sourceTree = "<group>"; };
		D462D13428DE55A0001FF20A /* NumberItem+Extension.swift */ = {isa = PBXFileReference; lastKnownFileType = sourcecode.swift; path = "NumberItem+Extension.swift"; sourceTree = "<group>"; };
		D462D13A28DE56B2001FF20A /* View+Extension.swift */ = {isa = PBXFileReference; lastKnownFileType = sourcecode.swift; path = "View+Extension.swift"; sourceTree = "<group>"; };
		D462D13D28DE572E001FF20A /* ChalkFontViewModifier.swift */ = {isa = PBXFileReference; lastKnownFileType = sourcecode.swift; path = ChalkFontViewModifier.swift; sourceTree = "<group>"; };
		D462D13F28DE5761001FF20A /* NumberListView.swift */ = {isa = PBXFileReference; lastKnownFileType = sourcecode.swift; path = NumberListView.swift; sourceTree = "<group>"; };
		D462D14428DE5910001FF20A /* ChalkboardViewModifier.swift */ = {isa = PBXFileReference; lastKnownFileType = sourcecode.swift; path = ChalkboardViewModifier.swift; sourceTree = "<group>"; };
		D462D14628DE5A49001FF20A /* NumberPadView.swift */ = {isa = PBXFileReference; lastKnownFileType = sourcecode.swift; path = NumberPadView.swift; sourceTree = "<group>"; };
		D462D14A28DE5C7F001FF20A /* RoundedBorderViewModifier.swift */ = {isa = PBXFileReference; lastKnownFileType = sourcecode.swift; path = RoundedBorderViewModifier.swift; sourceTree = "<group>"; };
		D46B0CA329145E980018DD92 /* LevelResultsDataModel.swift */ = {isa = PBXFileReference; lastKnownFileType = sourcecode.swift; path = LevelResultsDataModel.swift; sourceTree = "<group>"; };
		D46B0CAB2914780F0018DD92 /* LevelResults.swift */ = {isa = PBXFileReference; lastKnownFileType = sourcecode.swift; path = LevelResults.swift; sourceTree = "<group>"; };
		D46B0CB32914920B0018DD92 /* LevelScoreRepository.swift */ = {isa = PBXFileReference; lastKnownFileType = sourcecode.swift; path = LevelScoreRepository.swift; sourceTree = "<group>"; };
		D46B0CB72914963E0018DD92 /* LevelInfo.swift */ = {isa = PBXFileReference; lastKnownFileType = sourcecode.swift; path = LevelInfo.swift; sourceTree = "<group>"; };
		D46B0CB9291499710018DD92 /* ScoreManager.swift */ = {isa = PBXFileReference; lastKnownFileType = sourcecode.swift; path = ScoreManager.swift; sourceTree = "<group>"; };
		D47FEBDB2911D82E0061E7EF /* GameModeMenuView.swift */ = {isa = PBXFileReference; lastKnownFileType = sourcecode.swift; path = GameModeMenuView.swift; sourceTree = "<group>"; };
		D47FEBDD2911D8840061E7EF /* GameModeMenuDataModel.swift */ = {isa = PBXFileReference; lastKnownFileType = sourcecode.swift; path = GameModeMenuDataModel.swift; sourceTree = "<group>"; };
		D47FEBDF2911DB5A0061E7EF /* PlayView.swift */ = {isa = PBXFileReference; lastKnownFileType = sourcecode.swift; path = PlayView.swift; sourceTree = "<group>"; };
		D47FEBE12911DC3F0061E7EF /* PlayViewDataModel.swift */ = {isa = PBXFileReference; lastKnownFileType = sourcecode.swift; path = PlayViewDataModel.swift; sourceTree = "<group>"; };
		D47FEBE32911DC810061E7EF /* GameContentComposer.swift */ = {isa = PBXFileReference; lastKnownFileType = sourcecode.swift; path = GameContentComposer.swift; sourceTree = "<group>"; };
		D487F80B2927339F00CFBFCF /* ATTAdapter.swift */ = {isa = PBXFileReference; lastKnownFileType = sourcecode.swift; path = ATTAdapter.swift; sourceTree = "<group>"; };
		D4AD9F02291981A200270165 /* PlayViewDataModelTests.swift */ = {isa = PBXFileReference; lastKnownFileType = sourcecode.swift; path = PlayViewDataModelTests.swift; sourceTree = "<group>"; };
		D4AD9F0729198EB000270165 /* GameModeMenuDataModelTests.swift */ = {isa = PBXFileReference; lastKnownFileType = sourcecode.swift; path = GameModeMenuDataModelTests.swift; sourceTree = "<group>"; };
		D4B8EDB428E26459001698E4 /* SettingsDataModel.swift */ = {isa = PBXFileReference; lastKnownFileType = sourcecode.swift; path = SettingsDataModel.swift; sourceTree = "<group>"; };
		D4B8EDB628E26480001698E4 /* AppRateManager.swift */ = {isa = PBXFileReference; lastKnownFileType = sourcecode.swift; path = AppRateManager.swift; sourceTree = "<group>"; };
		D4BD279728DF91C900C698A9 /* InstructionsView.swift */ = {isa = PBXFileReference; lastKnownFileType = sourcecode.swift; path = InstructionsView.swift; sourceTree = "<group>"; };
		D4BD279928DF923A00C698A9 /* InstructionDetails.swift */ = {isa = PBXFileReference; lastKnownFileType = sourcecode.swift; path = InstructionDetails.swift; sourceTree = "<group>"; };
		D4BD279B28DF9B8F00C698A9 /* InstructionsViewDataModel.swift */ = {isa = PBXFileReference; lastKnownFileType = sourcecode.swift; path = InstructionsViewDataModel.swift; sourceTree = "<group>"; };
		D4BD279E28DF9BD500C698A9 /* InstructionsFactory.swift */ = {isa = PBXFileReference; lastKnownFileType = sourcecode.swift; path = InstructionsFactory.swift; sourceTree = "<group>"; };
		D4BD27A028DF9D6300C698A9 /* ChalkButton.swift */ = {isa = PBXFileReference; lastKnownFileType = sourcecode.swift; path = ChalkButton.swift; sourceTree = "<group>"; };
		D4BD27AB28DFCE2600C698A9 /* SinglePlayHighScoreStore.swift */ = {isa = PBXFileReference; lastKnownFileType = sourcecode.swift; path = SinglePlayHighScoreStore.swift; sourceTree = "<group>"; };
		D4BD27AF28DFD0BB00C698A9 /* XCTestCase+Extensions.swift */ = {isa = PBXFileReference; lastKnownFileType = sourcecode.swift; path = "XCTestCase+Extensions.swift"; sourceTree = "<group>"; };
		D4BD27B128DFD32600C698A9 /* InstructionsDataModelTests.swift */ = {isa = PBXFileReference; lastKnownFileType = sourcecode.swift; path = InstructionsDataModelTests.swift; sourceTree = "<group>"; };
		D4BD27B328DFD63800C698A9 /* LevelResultsDataModelTests.swift */ = {isa = PBXFileReference; lastKnownFileType = sourcecode.swift; path = LevelResultsDataModelTests.swift; sourceTree = "<group>"; };
		D4D1A4422910B1C500096130 /* GameContentView.swift */ = {isa = PBXFileReference; lastKnownFileType = sourcecode.swift; path = GameContentView.swift; sourceTree = "<group>"; };
		D4E7BC3929280F9900B399FA /* AdMobId.swift */ = {isa = PBXFileReference; lastKnownFileType = sourcecode.swift; path = AdMobId.swift; sourceTree = "<group>"; };
		D4E7BC3D292812D000B399FA /* AdBannerView.swift */ = {isa = PBXFileReference; lastKnownFileType = sourcecode.swift; path = AdBannerView.swift; sourceTree = "<group>"; };
		D4E7BC3F292815B100B399FA /* AdMobComposer.swift */ = {isa = PBXFileReference; lastKnownFileType = sourcecode.swift; path = AdMobComposer.swift; sourceTree = "<group>"; };
		D4E7BC422928165000B399FA /* ContentView.swift */ = {isa = PBXFileReference; lastKnownFileType = sourcecode.swift; path = ContentView.swift; sourceTree = "<group>"; };
		D4E7BC442928181200B399FA /* FinishedBannerMessageFactory.swift */ = {isa = PBXFileReference; lastKnownFileType = sourcecode.swift; path = FinishedBannerMessageFactory.swift; sourceTree = "<group>"; };
		D4EC41C52924533300B87288 /* AppStorageKey.swift */ = {isa = PBXFileReference; lastKnownFileType = sourcecode.swift; path = AppStorageKey.swift; sourceTree = "<group>"; };
		E82AF16028E12B7500F93822 /* TimerManager.swift */ = {isa = PBXFileReference; lastKnownFileType = sourcecode.swift; path = TimerManager.swift; sourceTree = "<group>"; };
		E82AF16228E12C9600F93822 /* TimerManagerTests.swift */ = {isa = PBXFileReference; lastKnownFileType = sourcecode.swift; path = TimerManagerTests.swift; sourceTree = "<group>"; };
		E86E06F32915D6E000F68D15 /* LevelScoreRepositoryTests.swift */ = {isa = PBXFileReference; lastKnownFileType = sourcecode.swift; path = LevelScoreRepositoryTests.swift; sourceTree = "<group>"; };
		E86E06F62915DC9F00F68D15 /* ScoreManagerTests.swift */ = {isa = PBXFileReference; lastKnownFileType = sourcecode.swift; path = ScoreManagerTests.swift; sourceTree = "<group>"; };
/* End PBXFileReference section */

/* Begin PBXFrameworksBuildPhase section */
		D44361D728DE439A00909629 /* Frameworks */ = {
			isa = PBXFrameworksBuildPhase;
			buildActionMask = 2147483647;
			files = (
				D487F80929272F5C00CFBFCF /* GoogleMobileAds in Frameworks */,
			);
			runOnlyForDeploymentPostprocessing = 0;
		};
		D462D11A28DE4534001FF20A /* Frameworks */ = {
			isa = PBXFrameworksBuildPhase;
			buildActionMask = 2147483647;
			files = (
			);
			runOnlyForDeploymentPostprocessing = 0;
		};
/* End PBXFrameworksBuildPhase section */

/* Begin PBXGroup section */
		D44361D128DE439A00909629 = {
			isa = PBXGroup;
			children = (
				D44361DC28DE439A00909629 /* iAddThree */,
				D462D11E28DE4534001FF20A /* iAddThreeTests */,
				D44361DB28DE439A00909629 /* Products */,
			);
			sourceTree = "<group>";
		};
		D44361DB28DE439A00909629 /* Products */ = {
			isa = PBXGroup;
			children = (
				D44361DA28DE439A00909629 /* iAddThree.app */,
				D462D11D28DE4534001FF20A /* iAddThreeTests.xctest */,
			);
			name = Products;
			sourceTree = "<group>";
		};
		D44361DC28DE439A00909629 /* iAddThree */ = {
			isa = PBXGroup;
			children = (
				D462D10E28DE4457001FF20A /* Main */,
				D462D10F28DE445C001FF20A /* UI */,
				D4AD9F04291988FC00270165 /* DataModels */,
				D462D12D28DE50D7001FF20A /* Models */,
				D4BD279D28DF9BC200C698A9 /* Logic */,
				D4BD27AA28DFCE0200C698A9 /* Storage */,
				D462D11428DE44A6001FF20A /* NumberItemFeature */,
				D487F80A2927338200CFBFCF /* AdMob */,
				D462D11028DE4460001FF20A /* Resources */,
				D44361E328DE439B00909629 /* Preview Content */,
			);
			path = iAddThree;
			sourceTree = "<group>";
		};
		D44361E328DE439B00909629 /* Preview Content */ = {
			isa = PBXGroup;
			children = (
				D44361E428DE439B00909629 /* Preview Assets.xcassets */,
				D462D13428DE55A0001FF20A /* NumberItem+Extension.swift */,
			);
			path = "Preview Content";
			sourceTree = "<group>";
		};
		D462D10E28DE4457001FF20A /* Main */ = {
			isa = PBXGroup;
			children = (
				D44361DD28DE439A00909629 /* iAddThreeApp.swift */,
				D47FEBE32911DC810061E7EF /* GameContentComposer.swift */,
			);
			path = Main;
			sourceTree = "<group>";
		};
		D462D10F28DE445C001FF20A /* UI */ = {
			isa = PBXGroup;
			children = (
				D4D1A4402910B1A200096130 /* Views */,
				D462D13C28DE570F001FF20A /* ViewModifiers */,
				D462D13928DE56A6001FF20A /* Shared */,
			);
			path = UI;
			sourceTree = "<group>";
		};
		D462D11028DE4460001FF20A /* Resources */ = {
			isa = PBXGroup;
			children = (
				D42F498E28E2993A007DCD8C /* Info.plist */,
				D44361E128DE439B00909629 /* Assets.xcassets */,
			);
			path = Resources;
			sourceTree = "<group>";
		};
		D462D11428DE44A6001FF20A /* NumberItemFeature */ = {
			isa = PBXGroup;
			children = (
				D462D11728DE44D1001FF20A /* GameMode.swift */,
				D462D11228DE4490001FF20A /* NumberItem.swift */,
				D462D11528DE44BE001FF20A /* NumberItemFactory.swift */,
			);
			path = NumberItemFeature;
			sourceTree = "<group>";
		};
		D462D11E28DE4534001FF20A /* iAddThreeTests */ = {
			isa = PBXGroup;
			children = (
				D4AD9F0629198DDA00270165 /* Helpers */,
				D4AD9F0529198DD100270165 /* NumberItemFeatureTests */,
				D4AD9F012919819100270165 /* DataModelTests */,
				E86E06F52915DC9300F68D15 /* LogicTests */,
				E86E06F22915D6B900F68D15 /* StorageTests */,
			);
			path = iAddThreeTests;
			sourceTree = "<group>";
		};
		D462D12D28DE50D7001FF20A /* Models */ = {
			isa = PBXGroup;
			children = (
				D462D13028DE5122001FF20A /* NumberItemPresenter.swift */,
				D4BD279928DF923A00C698A9 /* InstructionDetails.swift */,
				D46B0CAB2914780F0018DD92 /* LevelResults.swift */,
				D46B0CB72914963E0018DD92 /* LevelInfo.swift */,
			);
			path = Models;
			sourceTree = "<group>";
		};
		D462D13928DE56A6001FF20A /* Shared */ = {
			isa = PBXGroup;
			children = (
				D462D13A28DE56B2001FF20A /* View+Extension.swift */,
				D4BD27A028DF9D6300C698A9 /* ChalkButton.swift */,
			);
			path = Shared;
			sourceTree = "<group>";
		};
		D462D13C28DE570F001FF20A /* ViewModifiers */ = {
			isa = PBXGroup;
			children = (
				D462D13D28DE572E001FF20A /* ChalkFontViewModifier.swift */,
				D462D14428DE5910001FF20A /* ChalkboardViewModifier.swift */,
				D462D14A28DE5C7F001FF20A /* RoundedBorderViewModifier.swift */,
			);
			path = ViewModifiers;
			sourceTree = "<group>";
		};
		D487F80A2927338200CFBFCF /* AdMob */ = {
			isa = PBXGroup;
			children = (
				D4E7BC3929280F9900B399FA /* AdMobId.swift */,
				D487F80B2927339F00CFBFCF /* ATTAdapter.swift */,
				D4E7BC3D292812D000B399FA /* AdBannerView.swift */,
				D4E7BC3F292815B100B399FA /* AdMobComposer.swift */,
			);
			path = AdMob;
			sourceTree = "<group>";
		};
		D4AD9F012919819100270165 /* DataModelTests */ = {
			isa = PBXGroup;
			children = (
				D4BD27B128DFD32600C698A9 /* InstructionsDataModelTests.swift */,
				D4BD27B328DFD63800C698A9 /* LevelResultsDataModelTests.swift */,
				D4AD9F02291981A200270165 /* PlayViewDataModelTests.swift */,
				D4AD9F0729198EB000270165 /* GameModeMenuDataModelTests.swift */,
			);
			path = DataModelTests;
			sourceTree = "<group>";
		};
		D4AD9F04291988FC00270165 /* DataModels */ = {
			isa = PBXGroup;
			children = (
				D4BD279B28DF9B8F00C698A9 /* InstructionsViewDataModel.swift */,
				D47FEBDD2911D8840061E7EF /* GameModeMenuDataModel.swift */,
				D4B8EDB428E26459001698E4 /* SettingsDataModel.swift */,
				D46B0CA329145E980018DD92 /* LevelResultsDataModel.swift */,
				D47FEBE12911DC3F0061E7EF /* PlayViewDataModel.swift */,
			);
			path = DataModels;
			sourceTree = "<group>";
		};
		D4AD9F0529198DD100270165 /* NumberItemFeatureTests */ = {
			isa = PBXGroup;
			children = (
				D462D12628DE4547001FF20A /* NumberItemFactoryTests.swift */,
			);
			path = NumberItemFeatureTests;
			sourceTree = "<group>";
		};
		D4AD9F0629198DDA00270165 /* Helpers */ = {
			isa = PBXGroup;
			children = (
				D4BD27AF28DFD0BB00C698A9 /* XCTestCase+Extensions.swift */,
			);
			path = Helpers;
			sourceTree = "<group>";
		};
		D4BD279D28DF9BC200C698A9 /* Logic */ = {
			isa = PBXGroup;
			children = (
				D4BD279E28DF9BD500C698A9 /* InstructionsFactory.swift */,
				E82AF16028E12B7500F93822 /* TimerManager.swift */,
				D4B8EDB628E26480001698E4 /* AppRateManager.swift */,
				D46B0CB9291499710018DD92 /* ScoreManager.swift */,
				D4007C7429247A5500F71CFD /* ModeLevelHighScoreStoreDecorator.swift */,
				D4E7BC442928181200B399FA /* FinishedBannerMessageFactory.swift */,
			);
			path = Logic;
			sourceTree = "<group>";
		};
		D4BD27AA28DFCE0200C698A9 /* Storage */ = {
			isa = PBXGroup;
			children = (
				D4BD27AB28DFCE2600C698A9 /* SinglePlayHighScoreStore.swift */,
				D42DBEF928E25DCB006E29D0 /* UserDefaultsHighScoreStore.swift */,
				D46B0CB32914920B0018DD92 /* LevelScoreRepository.swift */,
				D4EC41C52924533300B87288 /* AppStorageKey.swift */,
			);
			path = Storage;
			sourceTree = "<group>";
		};
		D4D1A4402910B1A200096130 /* Views */ = {
			isa = PBXGroup;
			children = (
				D4374A112923287800FAB889 /* MainMenu.swift */,
				D403E241290F51C600C84761 /* GameView.swift */,
				D4D1A4422910B1C500096130 /* GameContentView.swift */,
				D47FEBDB2911D82E0061E7EF /* GameModeMenuView.swift */,
				D47FEBDF2911DB5A0061E7EF /* PlayView.swift */,
				D445CF5F29145064006CC062 /* LevelResultsView.swift */,
				D4BD279728DF91C900C698A9 /* InstructionsView.swift */,
				D462D14628DE5A49001FF20A /* NumberPadView.swift */,
				D462D13F28DE5761001FF20A /* NumberListView.swift */,
				D42DBEFD28E25E65006E29D0 /* SettingsView.swift */,
				D4E7BC422928165000B399FA /* ContentView.swift */,
			);
			path = Views;
			sourceTree = "<group>";
		};
		E86E06F22915D6B900F68D15 /* StorageTests */ = {
			isa = PBXGroup;
			children = (
				E86E06F32915D6E000F68D15 /* LevelScoreRepositoryTests.swift */,
			);
			path = StorageTests;
			sourceTree = "<group>";
		};
		E86E06F52915DC9300F68D15 /* LogicTests */ = {
			isa = PBXGroup;
			children = (
				E82AF16228E12C9600F93822 /* TimerManagerTests.swift */,
				E86E06F62915DC9F00F68D15 /* ScoreManagerTests.swift */,
				D40283242926F86900E6B326 /* ModeLevelHighScoreStoreDecoratorTests.swift */,
			);
			path = LogicTests;
			sourceTree = "<group>";
		};
/* End PBXGroup section */

/* Begin PBXNativeTarget section */
		D44361D928DE439A00909629 /* iAddThree */ = {
			isa = PBXNativeTarget;
			buildConfigurationList = D44361E828DE439B00909629 /* Build configuration list for PBXNativeTarget "iAddThree" */;
			buildPhases = (
				D44361D628DE439A00909629 /* Sources */,
				D44361D728DE439A00909629 /* Frameworks */,
				D44361D828DE439A00909629 /* Resources */,
			);
			buildRules = (
			);
			dependencies = (
			);
			name = iAddThree;
			packageProductDependencies = (
				D487F80829272F5C00CFBFCF /* GoogleMobileAds */,
			);
			productName = iAddThree;
			productReference = D44361DA28DE439A00909629 /* iAddThree.app */;
			productType = "com.apple.product-type.application";
		};
		D462D11C28DE4534001FF20A /* iAddThreeTests */ = {
			isa = PBXNativeTarget;
			buildConfigurationList = D462D12328DE4534001FF20A /* Build configuration list for PBXNativeTarget "iAddThreeTests" */;
			buildPhases = (
				D462D11928DE4534001FF20A /* Sources */,
				D462D11A28DE4534001FF20A /* Frameworks */,
				D462D11B28DE4534001FF20A /* Resources */,
			);
			buildRules = (
			);
			dependencies = (
				D462D12228DE4534001FF20A /* PBXTargetDependency */,
			);
			name = iAddThreeTests;
			productName = iAddThreeTests;
			productReference = D462D11D28DE4534001FF20A /* iAddThreeTests.xctest */;
			productType = "com.apple.product-type.bundle.unit-test";
		};
/* End PBXNativeTarget section */

/* Begin PBXProject section */
		D44361D228DE439A00909629 /* Project object */ = {
			isa = PBXProject;
			attributes = {
				BuildIndependentTargetsInParallel = 1;
				LastSwiftUpdateCheck = 1340;
				LastUpgradeCheck = 1340;
				TargetAttributes = {
					D44361D928DE439A00909629 = {
						CreatedOnToolsVersion = 13.4.1;
					};
					D462D11C28DE4534001FF20A = {
						CreatedOnToolsVersion = 13.4.1;
						LastSwiftMigration = 1340;
						TestTargetID = D44361D928DE439A00909629;
					};
				};
			};
			buildConfigurationList = D44361D528DE439A00909629 /* Build configuration list for PBXProject "iAddThree" */;
			compatibilityVersion = "Xcode 13.0";
			developmentRegion = en;
			hasScannedForEncodings = 0;
			knownRegions = (
				en,
				Base,
			);
			mainGroup = D44361D128DE439A00909629;
			packageReferences = (
				D487F80729272F5C00CFBFCF /* XCRemoteSwiftPackageReference "swift-package-manager-google-mobile-ads" */,
			);
			productRefGroup = D44361DB28DE439A00909629 /* Products */;
			projectDirPath = "";
			projectRoot = "";
			targets = (
				D44361D928DE439A00909629 /* iAddThree */,
				D462D11C28DE4534001FF20A /* iAddThreeTests */,
			);
		};
/* End PBXProject section */

/* Begin PBXResourcesBuildPhase section */
		D44361D828DE439A00909629 /* Resources */ = {
			isa = PBXResourcesBuildPhase;
			buildActionMask = 2147483647;
			files = (
				D44361E528DE439B00909629 /* Preview Assets.xcassets in Resources */,
				D44361E228DE439B00909629 /* Assets.xcassets in Resources */,
			);
			runOnlyForDeploymentPostprocessing = 0;
		};
		D462D11B28DE4534001FF20A /* Resources */ = {
			isa = PBXResourcesBuildPhase;
			buildActionMask = 2147483647;
			files = (
			);
			runOnlyForDeploymentPostprocessing = 0;
		};
/* End PBXResourcesBuildPhase section */

/* Begin PBXSourcesBuildPhase section */
		D44361D628DE439A00909629 /* Sources */ = {
			isa = PBXSourcesBuildPhase;
			buildActionMask = 2147483647;
			files = (
				D462D11828DE44D1001FF20A /* GameMode.swift in Sources */,
				D47FEBE42911DC810061E7EF /* GameContentComposer.swift in Sources */,
				D4BD279828DF91C900C698A9 /* InstructionsView.swift in Sources */,
				D4EC41C62924533300B87288 /* AppStorageKey.swift in Sources */,
				D4BD279A28DF923A00C698A9 /* InstructionDetails.swift in Sources */,
				D4BD27A128DF9D6300C698A9 /* ChalkButton.swift in Sources */,
				D46B0CB42914920B0018DD92 /* LevelScoreRepository.swift in Sources */,
				E82AF16128E12B7500F93822 /* TimerManager.swift in Sources */,
				D47FEBE02911DB5A0061E7EF /* PlayView.swift in Sources */,
				D4E7BC3E292812D000B399FA /* AdBannerView.swift in Sources */,
				D403E242290F51C600C84761 /* GameView.swift in Sources */,
				D4007C7529247A5500F71CFD /* ModeLevelHighScoreStoreDecorator.swift in Sources */,
				D462D13B28DE56B2001FF20A /* View+Extension.swift in Sources */,
				D462D14B28DE5C7F001FF20A /* RoundedBorderViewModifier.swift in Sources */,
				D487F80C2927339F00CFBFCF /* ATTAdapter.swift in Sources */,
				D46B0CB82914963E0018DD92 /* LevelInfo.swift in Sources */,
				D462D14728DE5A49001FF20A /* NumberPadView.swift in Sources */,
				D42DBEFA28E25DCB006E29D0 /* UserDefaultsHighScoreStore.swift in Sources */,
				D4B8EDB728E26480001698E4 /* AppRateManager.swift in Sources */,
				D47FEBDC2911D82E0061E7EF /* GameModeMenuView.swift in Sources */,
				D462D14028DE5761001FF20A /* NumberListView.swift in Sources */,
				D4BD279F28DF9BD500C698A9 /* InstructionsFactory.swift in Sources */,
				D4D1A4432910B1C500096130 /* GameContentView.swift in Sources */,
				D46B0CBA291499710018DD92 /* ScoreManager.swift in Sources */,
				D46B0CAC2914780F0018DD92 /* LevelResults.swift in Sources */,
				D46B0CA429145E980018DD92 /* LevelResultsDataModel.swift in Sources */,
				D47FEBDE2911D8840061E7EF /* GameModeMenuDataModel.swift in Sources */,
				D462D13E28DE572E001FF20A /* ChalkFontViewModifier.swift in Sources */,
				D4374A122923287800FAB889 /* MainMenu.swift in Sources */,
				D4BD27AC28DFCE2600C698A9 /* SinglePlayHighScoreStore.swift in Sources */,
				D42DBEFE28E25E65006E29D0 /* SettingsView.swift in Sources */,
				D462D13128DE5122001FF20A /* NumberItemPresenter.swift in Sources */,
				D47FEBE22911DC3F0061E7EF /* PlayViewDataModel.swift in Sources */,
				D445CF6029145064006CC062 /* LevelResultsView.swift in Sources */,
				D4E7BC432928165000B399FA /* ContentView.swift in Sources */,
				D4BD279C28DF9B8F00C698A9 /* InstructionsViewDataModel.swift in Sources */,
				D462D11328DE4490001FF20A /* NumberItem.swift in Sources */,
				D4E7BC3A29280F9900B399FA /* AdMobId.swift in Sources */,
				D4B8EDB528E26459001698E4 /* SettingsDataModel.swift in Sources */,
				D4E7BC452928181200B399FA /* FinishedBannerMessageFactory.swift in Sources */,
				D462D11628DE44BE001FF20A /* NumberItemFactory.swift in Sources */,
				D44361DE28DE439A00909629 /* iAddThreeApp.swift in Sources */,
				D462D14528DE5910001FF20A /* ChalkboardViewModifier.swift in Sources */,
				D4E7BC40292815B100B399FA /* AdMobComposer.swift in Sources */,
				D462D13528DE55A0001FF20A /* NumberItem+Extension.swift in Sources */,
			);
			runOnlyForDeploymentPostprocessing = 0;
		};
		D462D11928DE4534001FF20A /* Sources */ = {
			isa = PBXSourcesBuildPhase;
			buildActionMask = 2147483647;
			files = (
				D4AD9F03291981A200270165 /* PlayViewDataModelTests.swift in Sources */,
				D4BD27B228DFD32600C698A9 /* InstructionsDataModelTests.swift in Sources */,
				D40283252926F86900E6B326 /* ModeLevelHighScoreStoreDecoratorTests.swift in Sources */,
				E86E06F42915D6E000F68D15 /* LevelScoreRepositoryTests.swift in Sources */,
				D4AD9F0829198EB000270165 /* GameModeMenuDataModelTests.swift in Sources */,
				D4BD27B028DFD0BB00C698A9 /* XCTestCase+Extensions.swift in Sources */,
				E86E06F72915DC9F00F68D15 /* ScoreManagerTests.swift in Sources */,
				D4BD27B428DFD63800C698A9 /* LevelResultsDataModelTests.swift in Sources */,
				D462D12728DE4547001FF20A /* NumberItemFactoryTests.swift in Sources */,
				E82AF16328E12C9600F93822 /* TimerManagerTests.swift in Sources */,
			);
			runOnlyForDeploymentPostprocessing = 0;
		};
/* End PBXSourcesBuildPhase section */

/* Begin PBXTargetDependency section */
		D462D12228DE4534001FF20A /* PBXTargetDependency */ = {
			isa = PBXTargetDependency;
			target = D44361D928DE439A00909629 /* iAddThree */;
			targetProxy = D462D12128DE4534001FF20A /* PBXContainerItemProxy */;
		};
/* End PBXTargetDependency section */

/* Begin XCBuildConfiguration section */
		D44361E628DE439B00909629 /* Debug */ = {
			isa = XCBuildConfiguration;
			buildSettings = {
				ALWAYS_SEARCH_USER_PATHS = NO;
				CLANG_ANALYZER_NONNULL = YES;
				CLANG_ANALYZER_NUMBER_OBJECT_CONVERSION = YES_AGGRESSIVE;
				CLANG_CXX_LANGUAGE_STANDARD = "gnu++17";
				CLANG_ENABLE_MODULES = YES;
				CLANG_ENABLE_OBJC_ARC = YES;
				CLANG_ENABLE_OBJC_WEAK = YES;
				CLANG_WARN_BLOCK_CAPTURE_AUTORELEASING = YES;
				CLANG_WARN_BOOL_CONVERSION = YES;
				CLANG_WARN_COMMA = YES;
				CLANG_WARN_CONSTANT_CONVERSION = YES;
				CLANG_WARN_DEPRECATED_OBJC_IMPLEMENTATIONS = YES;
				CLANG_WARN_DIRECT_OBJC_ISA_USAGE = YES_ERROR;
				CLANG_WARN_DOCUMENTATION_COMMENTS = YES;
				CLANG_WARN_EMPTY_BODY = YES;
				CLANG_WARN_ENUM_CONVERSION = YES;
				CLANG_WARN_INFINITE_RECURSION = YES;
				CLANG_WARN_INT_CONVERSION = YES;
				CLANG_WARN_NON_LITERAL_NULL_CONVERSION = YES;
				CLANG_WARN_OBJC_IMPLICIT_RETAIN_SELF = YES;
				CLANG_WARN_OBJC_LITERAL_CONVERSION = YES;
				CLANG_WARN_OBJC_ROOT_CLASS = YES_ERROR;
				CLANG_WARN_QUOTED_INCLUDE_IN_FRAMEWORK_HEADER = YES;
				CLANG_WARN_RANGE_LOOP_ANALYSIS = YES;
				CLANG_WARN_STRICT_PROTOTYPES = YES;
				CLANG_WARN_SUSPICIOUS_MOVE = YES;
				CLANG_WARN_UNGUARDED_AVAILABILITY = YES_AGGRESSIVE;
				CLANG_WARN_UNREACHABLE_CODE = YES;
				CLANG_WARN__DUPLICATE_METHOD_MATCH = YES;
				COPY_PHASE_STRIP = NO;
				DEBUG_INFORMATION_FORMAT = dwarf;
				ENABLE_STRICT_OBJC_MSGSEND = YES;
				ENABLE_TESTABILITY = YES;
				GCC_C_LANGUAGE_STANDARD = gnu11;
				GCC_DYNAMIC_NO_PIC = NO;
				GCC_NO_COMMON_BLOCKS = YES;
				GCC_OPTIMIZATION_LEVEL = 0;
				GCC_PREPROCESSOR_DEFINITIONS = (
					"DEBUG=1",
					"$(inherited)",
				);
				GCC_WARN_64_TO_32_BIT_CONVERSION = YES;
				GCC_WARN_ABOUT_RETURN_TYPE = YES_ERROR;
				GCC_WARN_UNDECLARED_SELECTOR = YES;
				GCC_WARN_UNINITIALIZED_AUTOS = YES_AGGRESSIVE;
				GCC_WARN_UNUSED_FUNCTION = YES;
				GCC_WARN_UNUSED_VARIABLE = YES;
				IPHONEOS_DEPLOYMENT_TARGET = 15.5;
				MTL_ENABLE_DEBUG_INFO = INCLUDE_SOURCE;
				MTL_FAST_MATH = YES;
				ONLY_ACTIVE_ARCH = YES;
				SDKROOT = iphoneos;
				SWIFT_ACTIVE_COMPILATION_CONDITIONS = DEBUG;
				SWIFT_OPTIMIZATION_LEVEL = "-Onone";
			};
			name = Debug;
		};
		D44361E728DE439B00909629 /* Release */ = {
			isa = XCBuildConfiguration;
			buildSettings = {
				ALWAYS_SEARCH_USER_PATHS = NO;
				CLANG_ANALYZER_NONNULL = YES;
				CLANG_ANALYZER_NUMBER_OBJECT_CONVERSION = YES_AGGRESSIVE;
				CLANG_CXX_LANGUAGE_STANDARD = "gnu++17";
				CLANG_ENABLE_MODULES = YES;
				CLANG_ENABLE_OBJC_ARC = YES;
				CLANG_ENABLE_OBJC_WEAK = YES;
				CLANG_WARN_BLOCK_CAPTURE_AUTORELEASING = YES;
				CLANG_WARN_BOOL_CONVERSION = YES;
				CLANG_WARN_COMMA = YES;
				CLANG_WARN_CONSTANT_CONVERSION = YES;
				CLANG_WARN_DEPRECATED_OBJC_IMPLEMENTATIONS = YES;
				CLANG_WARN_DIRECT_OBJC_ISA_USAGE = YES_ERROR;
				CLANG_WARN_DOCUMENTATION_COMMENTS = YES;
				CLANG_WARN_EMPTY_BODY = YES;
				CLANG_WARN_ENUM_CONVERSION = YES;
				CLANG_WARN_INFINITE_RECURSION = YES;
				CLANG_WARN_INT_CONVERSION = YES;
				CLANG_WARN_NON_LITERAL_NULL_CONVERSION = YES;
				CLANG_WARN_OBJC_IMPLICIT_RETAIN_SELF = YES;
				CLANG_WARN_OBJC_LITERAL_CONVERSION = YES;
				CLANG_WARN_OBJC_ROOT_CLASS = YES_ERROR;
				CLANG_WARN_QUOTED_INCLUDE_IN_FRAMEWORK_HEADER = YES;
				CLANG_WARN_RANGE_LOOP_ANALYSIS = YES;
				CLANG_WARN_STRICT_PROTOTYPES = YES;
				CLANG_WARN_SUSPICIOUS_MOVE = YES;
				CLANG_WARN_UNGUARDED_AVAILABILITY = YES_AGGRESSIVE;
				CLANG_WARN_UNREACHABLE_CODE = YES;
				CLANG_WARN__DUPLICATE_METHOD_MATCH = YES;
				COPY_PHASE_STRIP = NO;
				DEBUG_INFORMATION_FORMAT = "dwarf-with-dsym";
				ENABLE_NS_ASSERTIONS = NO;
				ENABLE_STRICT_OBJC_MSGSEND = YES;
				GCC_C_LANGUAGE_STANDARD = gnu11;
				GCC_NO_COMMON_BLOCKS = YES;
				GCC_WARN_64_TO_32_BIT_CONVERSION = YES;
				GCC_WARN_ABOUT_RETURN_TYPE = YES_ERROR;
				GCC_WARN_UNDECLARED_SELECTOR = YES;
				GCC_WARN_UNINITIALIZED_AUTOS = YES_AGGRESSIVE;
				GCC_WARN_UNUSED_FUNCTION = YES;
				GCC_WARN_UNUSED_VARIABLE = YES;
				IPHONEOS_DEPLOYMENT_TARGET = 15.5;
				MTL_ENABLE_DEBUG_INFO = NO;
				MTL_FAST_MATH = YES;
				SDKROOT = iphoneos;
				SWIFT_COMPILATION_MODE = wholemodule;
				SWIFT_OPTIMIZATION_LEVEL = "-O";
				VALIDATE_PRODUCT = YES;
			};
			name = Release;
		};
		D44361E928DE439B00909629 /* Debug */ = {
			isa = XCBuildConfiguration;
			buildSettings = {
				ASSETCATALOG_COMPILER_APPICON_NAME = AppIcon;
				ASSETCATALOG_COMPILER_GLOBAL_ACCENT_COLOR_NAME = AccentColor;
				CODE_SIGN_STYLE = Automatic;
				CURRENT_PROJECT_VERSION = 1;
				DEVELOPMENT_ASSET_PATHS = "\"iAddThree/Preview Content\"";
				DEVELOPMENT_TEAM = R8SJ24LQF3;
				ENABLE_PREVIEWS = YES;
				GENERATE_INFOPLIST_FILE = YES;
				INFOPLIST_FILE = iAddThree/Resources/Info.plist;
				INFOPLIST_KEY_CFBundleDisplayName = iAddThree;
				INFOPLIST_KEY_UIApplicationSupportsIndirectInputEvents = YES;
				INFOPLIST_KEY_UILaunchScreen_Generation = YES;
				INFOPLIST_KEY_UIRequiresFullScreen = YES;
				INFOPLIST_KEY_UISupportedInterfaceOrientations = UIInterfaceOrientationPortrait;
				INFOPLIST_KEY_UISupportedInterfaceOrientations_iPad = UIInterfaceOrientationPortrait;
				INFOPLIST_KEY_UISupportedInterfaceOrientations_iPhone = UIInterfaceOrientationPortrait;
				LD_RUNPATH_SEARCH_PATHS = (
					"$(inherited)",
					"@executable_path/Frameworks",
				);
				MARKETING_VERSION = 2.0.3;
				PRODUCT_BUNDLE_IDENTIFIER = com.nobadi.AddThree;
				PRODUCT_NAME = "$(TARGET_NAME)";
				SWIFT_EMIT_LOC_STRINGS = YES;
				SWIFT_VERSION = 5.0;
				TARGETED_DEVICE_FAMILY = "1,2";
			};
			name = Debug;
		};
		D44361EA28DE439B00909629 /* Release */ = {
			isa = XCBuildConfiguration;
			buildSettings = {
				ASSETCATALOG_COMPILER_APPICON_NAME = AppIcon;
				ASSETCATALOG_COMPILER_GLOBAL_ACCENT_COLOR_NAME = AccentColor;
				CODE_SIGN_IDENTITY = "iPhone Distribution";
				CODE_SIGN_STYLE = Manual;
				CURRENT_PROJECT_VERSION = 1;
				DEVELOPMENT_ASSET_PATHS = "\"iAddThree/Preview Content\"";
				DEVELOPMENT_TEAM = R8SJ24LQF3;
				ENABLE_PREVIEWS = YES;
				GENERATE_INFOPLIST_FILE = YES;
				INFOPLIST_FILE = iAddThree/Resources/Info.plist;
				INFOPLIST_KEY_CFBundleDisplayName = iAddThree;
				INFOPLIST_KEY_UIApplicationSupportsIndirectInputEvents = YES;
				INFOPLIST_KEY_UILaunchScreen_Generation = YES;
				INFOPLIST_KEY_UIRequiresFullScreen = YES;
				INFOPLIST_KEY_UISupportedInterfaceOrientations = UIInterfaceOrientationPortrait;
				INFOPLIST_KEY_UISupportedInterfaceOrientations_iPad = UIInterfaceOrientationPortrait;
				INFOPLIST_KEY_UISupportedInterfaceOrientations_iPhone = UIInterfaceOrientationPortrait;
				LD_RUNPATH_SEARCH_PATHS = (
					"$(inherited)",
					"@executable_path/Frameworks",
				);
				MARKETING_VERSION = 2.0.3;
				PRODUCT_BUNDLE_IDENTIFIER = com.nobadi.AddThree;
				PRODUCT_NAME = "$(TARGET_NAME)";
				PROVISIONING_PROFILE_SPECIFIER = iAddThreeDistrubution;
				SWIFT_EMIT_LOC_STRINGS = YES;
				SWIFT_VERSION = 5.0;
				TARGETED_DEVICE_FAMILY = "1,2";
			};
			name = Release;
		};
		D462D12428DE4534001FF20A /* Debug */ = {
			isa = XCBuildConfiguration;
			buildSettings = {
				BUNDLE_LOADER = "$(TEST_HOST)";
				CLANG_ENABLE_MODULES = YES;
				CODE_SIGN_STYLE = Automatic;
				CURRENT_PROJECT_VERSION = 1;
				DEVELOPMENT_TEAM = R8SJ24LQF3;
				GENERATE_INFOPLIST_FILE = YES;
				LD_RUNPATH_SEARCH_PATHS = (
					"$(inherited)",
					"@executable_path/Frameworks",
					"@loader_path/Frameworks",
				);
				MARKETING_VERSION = 1.0;
				PRODUCT_BUNDLE_IDENTIFIER = com.nobadi.iAddThreeTests;
				PRODUCT_NAME = "$(TARGET_NAME)";
				SWIFT_EMIT_LOC_STRINGS = NO;
				SWIFT_OPTIMIZATION_LEVEL = "-Onone";
				SWIFT_VERSION = 5.0;
				TARGETED_DEVICE_FAMILY = "1,2";
				TEST_HOST = "$(BUILT_PRODUCTS_DIR)/iAddThree.app/iAddThree";
			};
			name = Debug;
		};
		D462D12528DE4534001FF20A /* Release */ = {
			isa = XCBuildConfiguration;
			buildSettings = {
				BUNDLE_LOADER = "$(TEST_HOST)";
				CLANG_ENABLE_MODULES = YES;
				CODE_SIGN_STYLE = Automatic;
				CURRENT_PROJECT_VERSION = 1;
				DEVELOPMENT_TEAM = R8SJ24LQF3;
				GENERATE_INFOPLIST_FILE = YES;
				LD_RUNPATH_SEARCH_PATHS = (
					"$(inherited)",
					"@executable_path/Frameworks",
					"@loader_path/Frameworks",
				);
				MARKETING_VERSION = 1.0;
				PRODUCT_BUNDLE_IDENTIFIER = com.nobadi.iAddThreeTests;
				PRODUCT_NAME = "$(TARGET_NAME)";
				SWIFT_EMIT_LOC_STRINGS = NO;
				SWIFT_VERSION = 5.0;
				TARGETED_DEVICE_FAMILY = "1,2";
				TEST_HOST = "$(BUILT_PRODUCTS_DIR)/iAddThree.app/iAddThree";
			};
			name = Release;
		};
/* End XCBuildConfiguration section */

/* Begin XCConfigurationList section */
		D44361D528DE439A00909629 /* Build configuration list for PBXProject "iAddThree" */ = {
			isa = XCConfigurationList;
			buildConfigurations = (
				D44361E628DE439B00909629 /* Debug */,
				D44361E728DE439B00909629 /* Release */,
			);
			defaultConfigurationIsVisible = 0;
			defaultConfigurationName = Release;
		};
		D44361E828DE439B00909629 /* Build configuration list for PBXNativeTarget "iAddThree" */ = {
			isa = XCConfigurationList;
			buildConfigurations = (
				D44361E928DE439B00909629 /* Debug */,
				D44361EA28DE439B00909629 /* Release */,
			);
			defaultConfigurationIsVisible = 0;
			defaultConfigurationName = Release;
		};
		D462D12328DE4534001FF20A /* Build configuration list for PBXNativeTarget "iAddThreeTests" */ = {
			isa = XCConfigurationList;
			buildConfigurations = (
				D462D12428DE4534001FF20A /* Debug */,
				D462D12528DE4534001FF20A /* Release */,
			);
			defaultConfigurationIsVisible = 0;
			defaultConfigurationName = Release;
		};
/* End XCConfigurationList section */

/* Begin XCRemoteSwiftPackageReference section */
		D487F80729272F5C00CFBFCF /* XCRemoteSwiftPackageReference "swift-package-manager-google-mobile-ads" */ = {
			isa = XCRemoteSwiftPackageReference;
			repositoryURL = "https://github.com/googleads/swift-package-manager-google-mobile-ads.git";
			requirement = {
				kind = upToNextMajorVersion;
				minimumVersion = 9.0.0;
			};
		};
/* End XCRemoteSwiftPackageReference section */

/* Begin XCSwiftPackageProductDependency section */
		D487F80829272F5C00CFBFCF /* GoogleMobileAds */ = {
			isa = XCSwiftPackageProductDependency;
			package = D487F80729272F5C00CFBFCF /* XCRemoteSwiftPackageReference "swift-package-manager-google-mobile-ads" */;
			productName = GoogleMobileAds;
		};
/* End XCSwiftPackageProductDependency section */
	};
	rootObject = D44361D228DE439A00909629 /* Project object */;
}
